# THIS IS AN AUTOGENERATED FILE. DO NOT EDIT THIS FILE DIRECTLY.
# yarn lockfile v1


crypto-es@^1.2.7:
  version "1.2.7"
  resolved "https://registry.yarnpkg.com/crypto-es/-/crypto-es-1.2.7.tgz#754a6d52319a94fb4eb1f119297f17196b360f88"
  integrity sha512-UUqiVJ2gUuZFmbFsKmud3uuLcNP2+Opt+5ysmljycFCyhA0+T16XJmo1ev/t5kMChMqWh7IEvURNCqsg+SjZGQ==
